
Microsoft Visual Studio Solution File, Format Version 12.00
# Visual Studio Version 16
VisualStudioVersion = 16.0.31702.278
MinimumVisualStudioVersion = 10.0.40219.1
Project("{FAE04EC0-301F-11D3-BF4B-00C04F79EFBC}") = "Nilca_Adrian_Lab5", "Nilca_Adrian_Lab5\Nilca_Adrian_Lab5.csproj", "{4DDE5F23-E9D0-4105-AEE2-6247B2381586}"
EndProject
Project("{FAE04EC0-301F-11D3-BF4B-00C04F79EFBC}") = "AutoLotModel", "..\AutoLotModel\AutoLotModel\AutoLotModel.csproj", "{F170C1F9-8671-483E-8EFB-71471BEA136C}"
EndProject
Global
	GlobalSection(SolutionConfigurationPlatforms) = preSolution
		Debug|Any CPU = Debug|Any CPU
		Release|Any CPU = Release|Any CPU
	EndGlobalSection
	GlobalSection(ProjectConfigurationPlatforms) = postSolution
		{4DDE5F23-E9D0-4105-AEE2-6247B2381586}.Debug|Any CPU.ActiveCfg = Debug|Any CPU
		{4DDE5F23-E9D0-4105-AEE2-6247B2381586}.Debug|Any CPU.Build.0 = Debug|Any CPU
		{4DDE5F23-E9D0-4105-AEE2-6247B2381586}.Release|Any CPU.ActiveCfg = Release|Any CPU
		{4DDE5F23-E9D0-4105-AEE2-6247B2381586}.Release|Any CPU.Build.0 = Release|Any CPU
		{F170C1F9-8671-483E-8EFB-71471BEA136C}.Debug|Any CPU.ActiveCfg = Debug|Any CPU
		{F170C1F9-8671-483E-8EFB-71471BEA136C}.Debug|Any CPU.Build.0 = Debug|Any CPU
		{F170C1F9-8671-483E-8EFB-71471BEA136C}.Release|Any CPU.ActiveCfg = Release|Any CPU
		{F170C1F9-8671-483E-8EFB-71471BEA136C}.Release|Any CPU.Build.0 = Release|Any CPU
	EndGlobalSection
	GlobalSection(SolutionProperties) = preSolution
		HideSolutionNode = FALSE
	EndGlobalSection
	GlobalSection(ExtensibilityGlobals) = postSolution
		SolutionGuid = {D61D83DB-3F84-49E5-9241-52EBD09463D3}
	EndGlobalSection
EndGlobal
